<?xml version="1.0" encoding="utf-8"?>
<Project ToolsVersion="4.0" xmlns="http://schemas.microsoft.com/developer/msbuild/2003">
  <ItemGroup>
    <Filter Include="Source Files">
      <UniqueIdentifier>{4FC737F1-C7A5-4376-A066-2A32D752A2FF}</UniqueIdentifier>
      <Extensions>cpp;c;cc;cxx;def;odl;idl;hpj;bat;asm;asmx</Extensions>
    </Filter>
    <Filter Include="Header Files">
      <UniqueIdentifier>{93995380-89BD-4b04-88EB-625FBE52EBFB}</UniqueIdentifier>
      <Extensions>h;hh;hpp;hxx;hm;inl;inc;xsd</Extensions>
    </Filter>
    <Filter Include="Header Files\general">
      <UniqueIdentifier>{6bc6b6b9-71c4-40ce-a3b3-bc2b977d1e74}</UniqueIdentifier>
    </Filter>
    <Filter Include="Header Files\gme">
      <UniqueIdentifier>{d8061374-57a3-42bb-99c3-dfa537c536fd}</UniqueIdentifier>
    </Filter>
    <Filter Include="Header Files\tests">
      <UniqueIdentifier>{8aea8619-7079-4db8-8a8d-694437eb69e2}</UniqueIdentifier>
    </Filter>
    <Filter Include="Source Files\general">
      <UniqueIdentifier>{6ea6ac60-ae10-4fee-b85b-a71ce8b5e419}</UniqueIdentifier>
    </Filter>
    <Filter Include="Source Files\gme">
      <UniqueIdentifier>{2b5706c1-6b38-4ef8-9b75-429db4d3fa2a}</UniqueIdentifier>
    </Filter>
    <Filter Include="Source Files\tests">
      <UniqueIdentifier>{466e9e26-8010-42a7-a16f-1dcf9314b53d}</UniqueIdentifier>
    </Filter>
    <Filter Include="Header Files\macros">
      <UniqueIdentifier>{87076e67-83ab-4e95-bfe2-cf8f745e4589}</UniqueIdentifier>
    </Filter>
    <Filter Include="Source Files\macros">
      <UniqueIdentifier>{caf79b92-d876-47ec-bc16-f962bae6cc04}</UniqueIdentifier>
    </Filter>
  </ItemGroup>
  <ItemGroup>
    <ClCompile Include="test_ui_init.cpp">
      <Filter>Source Files\tests</Filter>
    </ClCompile>
    <ClCompile Include="test_cli_wrap.cpp">
      <Filter>Source Files\tests</Filter>
    </ClCompile>
    <ClCompile Include="MouseControl.cpp">
      <Filter>Source Files\general</Filter>
    </ClCompile>
    <ClCompile Include="FindImage.cpp">
      <Filter>Source Files\general</Filter>
    </ClCompile>
    <ClCompile Include="main.cpp">
      <Filter>Source Files\general</Filter>
    </ClCompile>
    <ClCompile Include="MainWindow.cpp">
      <Filter>Source Files\general</Filter>
    </ClCompile>
    <ClCompile Include="Coords.cpp">
      <Filter>Source Files\gme</Filter>
    </ClCompile>
    <ClCompile Include="Nox.cpp">
      <Filter>Source Files\gme</Filter>
    </ClCompile>
    <ClCompile Include="DesktopCapture.cpp">
      <Filter>Source Files\general</Filter>
    </ClCompile>
    <ClCompile Include="Log.cpp">
      <Filter>Source Files\general</Filter>
    </ClCompile>
    <ClCompile Include="MacroFunctions.cpp">
      <Filter>Source Files\macros</Filter>
    </ClCompile>
    <ClCompile Include="UiInit.cpp">
      <Filter>Source Files\general</Filter>
    </ClCompile>
    <ClCompile Include="Wait.cpp">
      <Filter>Source Files\gme</Filter>
    </ClCompile>
    <ClCompile Include="UniversalFunctions.cpp">
      <Filter>Source Files\macros</Filter>
    </ClCompile>
    <ClCompile Include="MacroConstantFile.cpp">
      <Filter>Source Files\macros</Filter>
    </ClCompile>
    <ClCompile Include="MacroRelativeFile.cpp">
      <Filter>Source Files\macros</Filter>
    </ClCompile>
    <ClCompile Include="FileReader.cpp">
      <Filter>Source Files\macros</Filter>
    </ClCompile>
    <ClCompile Include="MacroGlobalsFile.cpp">
      <Filter>Source Files\macros</Filter>
    </ClCompile>
    <ClCompile Include="MacroScreensFile.cpp">
      <Filter>Source Files\macros</Filter>
    </ClCompile>
    <ClCompile Include="MacroStepsFile.cpp">
      <Filter>Source Files\macros</Filter>
    </ClCompile>
    <ClCompile Include="MacroLoopsFile.cpp">
      <Filter>Source Files\macros</Filter>
    </ClCompile>
  </ItemGroup>
  <ItemGroup>
    <ClInclude Include="test_ui_init.h">
      <Filter>Header Files\tests</Filter>
    </ClInclude>
    <ClInclude Include="test_cli_wrap.h">
      <Filter>Header Files\tests</Filter>
    </ClInclude>
    <ClInclude Include="FindImage.h">
      <Filter>Header Files\general</Filter>
    </ClInclude>
    <ClInclude Include="MainWindow.h">
      <Filter>Header Files\general</Filter>
    </ClInclude>
    <ClInclude Include="MouseControl.h">
      <Filter>Header Files\general</Filter>
    </ClInclude>
    <ClInclude Include="Coords.h">
      <Filter>Header Files\gme</Filter>
    </ClInclude>
    <ClInclude Include="Nox.h">
      <Filter>Header Files\gme</Filter>
    </ClInclude>
    <ClInclude Include="DesktopCapture.h">
      <Filter>Header Files\general</Filter>
    </ClInclude>
    <ClInclude Include="Log.h">
      <Filter>Header Files\general</Filter>
    </ClInclude>
    <ClInclude Include="MacroFunctions.h">
      <Filter>Header Files\macros</Filter>
    </ClInclude>
    <ClInclude Include="constants.h">
      <Filter>Header Files\general</Filter>
    </ClInclude>
    <ClInclude Include="UiInit.h">
      <Filter>Header Files\general</Filter>
    </ClInclude>
    <ClInclude Include="Wait.h">
      <Filter>Header Files\gme</Filter>
    </ClInclude>
    <ClInclude Include="UniversalFunctions.h">
      <Filter>Header Files\macros</Filter>
    </ClInclude>
    <ClInclude Include="MacroConstantFile.h">
      <Filter>Header Files\macros</Filter>
    </ClInclude>
    <ClInclude Include="MacroRelativeFile.h">
      <Filter>Header Files\macros</Filter>
    </ClInclude>
    <ClInclude Include="FileReader.h">
      <Filter>Header Files\macros</Filter>
    </ClInclude>
    <ClInclude Include="MacroGlobalsFile.h">
      <Filter>Header Files\macros</Filter>
    </ClInclude>
    <ClInclude Include="MacroScreensFile.h">
      <Filter>Header Files\macros</Filter>
    </ClInclude>
    <ClInclude Include="MacroStepsFile.h">
      <Filter>Header Files\macros</Filter>
    </ClInclude>
    <ClInclude Include="MacroLoopsFile.h">
      <Filter>Header Files\macros</Filter>
    </ClInclude>
  </ItemGroup>
</Project>