<?xml version="1.0" encoding="utf-8"?>
<Project ToolsVersion="4.0" xmlns="http://schemas.microsoft.com/developer/msbuild/2003">
  <ItemGroup>
    <Filter Include="Source Files">
      <UniqueIdentifier>{4FC737F1-C7A5-4376-A066-2A32D752A2FF}</UniqueIdentifier>
      <Extensions>cpp;c;cc;cxx;def;odl;idl;hpj;bat;asm;asmx</Extensions>
    </Filter>
    <Filter Include="Header Files">
      <UniqueIdentifier>{93995380-89BD-4b04-88EB-625FBE52EBFB}</UniqueIdentifier>
      <Extensions>h;hh;hpp;hxx;hm;inl;inc;xsd</Extensions>
    </Filter>
  </ItemGroup>
  <ItemGroup>
    <ClCompile Include="main.cpp">
      <Filter>Source Files</Filter>
    </ClCompile>
    <ClCompile Include="MouseControl.cpp">
      <Filter>Source Files</Filter>
    </ClCompile>
    <ClCompile Include="FindImage.cpp">
      <Filter>Source Files</Filter>
    </ClCompile>
    <ClCompile Include="test_cli_wrap.cpp">
      <Filter>Source Files</Filter>
    </ClCompile>
    <ClCompile Include="MainWindow.cpp">
      <Filter>Source Files</Filter>
    </ClCompile>
    <ClCompile Include="test_ui_init.cpp">
      <Filter>Source Files</Filter>
    </ClCompile>
    <ClCompile Include="test_EShr.cpp">
      <Filter>Source Files</Filter>
    </ClCompile>
    <ClCompile Include="MacroFunctions.cpp">
      <Filter>Source Files</Filter>
    </ClCompile>
    <ClCompile Include="SearchObj.cpp">
      <Filter>Source Files</Filter>
    </ClCompile>
    <ClCompile Include="DesktopCapture.cpp">
      <Filter>Source Files</Filter>
    </ClCompile>
  </ItemGroup>
  <ItemGroup>
    <ClInclude Include="MouseControl.h">
      <Filter>Header Files</Filter>
    </ClInclude>
    <ClInclude Include="FindImage.h">
      <Filter>Header Files</Filter>
    </ClInclude>
    <ClInclude Include="test_cli_wrap.h">
      <Filter>Header Files</Filter>
    </ClInclude>
    <ClInclude Include="MainWindow.h">
      <Filter>Header Files</Filter>
    </ClInclude>
    <ClInclude Include="test_ui_init.h">
      <Filter>Header Files</Filter>
    </ClInclude>
    <ClInclude Include="test_EShr.h">
      <Filter>Header Files</Filter>
    </ClInclude>
    <ClInclude Include="MacroFunctions.h">
      <Filter>Header Files</Filter>
    </ClInclude>
    <ClInclude Include="SearchObj.h">
      <Filter>Header Files</Filter>
    </ClInclude>
    <ClInclude Include="DesktopCapture.h">
      <Filter>Header Files</Filter>
    </ClInclude>
  </ItemGroup>
</Project>